// !$*UTF8*$!
{
	archiveVersion = 1;
	classes = {
	};
	objectVersion = 48;
	objects = {

/* Begin PBXBuildFile section */
		84FBD9D41F9F47F4005D779C /* AppDelegate.swift in Sources */ = {isa = PBXBuildFile; fileRef = 84FBD9D31F9F47F4005D779C /* AppDelegate.swift */; };
		84FBD9D61F9F47F4005D779C /* ViewController.swift in Sources */ = {isa = PBXBuildFile; fileRef = 84FBD9D51F9F47F4005D779C /* ViewController.swift */; };
		84FBD9D91F9F47F4005D779C /* Main.storyboard in Resources */ = {isa = PBXBuildFile; fileRef = 84FBD9D71F9F47F4005D779C /* Main.storyboard */; };
		84FBD9DB1F9F47F4005D779C /* Assets.xcassets in Resources */ = {isa = PBXBuildFile; fileRef = 84FBD9DA1F9F47F4005D779C /* Assets.xcassets */; };
		84FBD9DE1F9F47F4005D779C /* LaunchScreen.storyboard in Resources */ = {isa = PBXBuildFile; fileRef = 84FBD9DC1F9F47F4005D779C /* LaunchScreen.storyboard */; };
		84FBD9E91F9F47F5005D779C /* ChatTests.swift in Sources */ = {isa = PBXBuildFile; fileRef = 84FBD9E81F9F47F5005D779C /* ChatTests.swift */; };
		84FBD9F41F9F47F5005D779C /* ChatUITests.swift in Sources */ = {isa = PBXBuildFile; fileRef = 84FBD9F31F9F47F5005D779C /* ChatUITests.swift */; };
		84FBDA061F9F4CFE005D779C /* LoginController.swift in Sources */ = {isa = PBXBuildFile; fileRef = 84FBDA051F9F4CFE005D779C /* LoginController.swift */; };
/* End PBXBuildFile section */

/* Begin PBXContainerItemProxy section */
		84FBD9E51F9F47F5005D779C /* PBXContainerItemProxy */ = {
			isa = PBXContainerItemProxy;
			containerPortal = 84FBD9C81F9F47F4005D779C /* Project object */;
			proxyType = 1;
			remoteGlobalIDString = 84FBD9CF1F9F47F4005D779C;
			remoteInfo = Chat;
		};
		84FBD9F01F9F47F5005D779C /* PBXContainerItemProxy */ = {
			isa = PBXContainerItemProxy;
			containerPortal = 84FBD9C81F9F47F4005D779C /* Project object */;
			proxyType = 1;
			remoteGlobalIDString = 84FBD9CF1F9F47F4005D779C;
			remoteInfo = Chat;
		};
/* End PBXContainerItemProxy section */

/* Begin PBXFileReference section */
		84FBD9D01F9F47F4005D779C /* Chat.app */ = {isa = PBXFileReference; explicitFileType = wrapper.application; includeInIndex = 0; path = Chat.app; sourceTree = BUILT_PRODUCTS_DIR; };
		84FBD9D31F9F47F4005D779C /* AppDelegate.swift */ = {isa = PBXFileReference; lastKnownFileType = sourcecode.swift; path = AppDelegate.swift; sourceTree = "<group>"; };
		84FBD9D51F9F47F4005D779C /* ViewController.swift */ = {isa = PBXFileReference; lastKnownFileType = sourcecode.swift; path = ViewController.swift; sourceTree = "<group>"; };
		84FBD9D81F9F47F4005D779C /* Base */ = {isa = PBXFileReference; lastKnownFileType = file.storyboard; name = Base; path = Base.lproj/Main.storyboard; sourceTree = "<group>"; };
		84FBD9DA1F9F47F4005D779C /* Assets.xcassets */ = {isa = PBXFileReference; lastKnownFileType = folder.assetcatalog; path = Assets.xcassets; sourceTree = "<group>"; };
		84FBD9DD1F9F47F4005D779C /* Base */ = {isa = PBXFileReference; lastKnownFileType = file.storyboard; name = Base; path = Base.lproj/LaunchScreen.storyboard; sourceTree = "<group>"; };
		84FBD9DF1F9F47F4005D779C /* Info.plist */ = {isa = PBXFileReference; lastKnownFileType = text.plist.xml; path = Info.plist; sourceTree = "<group>"; };
		84FBD9E41F9F47F5005D779C /* ChatTests.xctest */ = {isa = PBXFileReference; explicitFileType = wrapper.cfbundle; includeInIndex = 0; path = ChatTests.xctest; sourceTree = BUILT_PRODUCTS_DIR; };
		84FBD9E81F9F47F5005D779C /* ChatTests.swift */ = {isa = PBXFileReference; lastKnownFileType = sourcecode.swift; path = ChatTests.swift; sourceTree = "<group>"; };
		84FBD9EA1F9F47F5005D779C /* Info.plist */ = {isa = PBXFileReference; lastKnownFileType = text.plist.xml; path = Info.plist; sourceTree = "<group>"; };
		84FBD9EF1F9F47F5005D779C /* ChatUITests.xctest */ = {isa = PBXFileReference; explicitFileType = wrapper.cfbundle; includeInIndex = 0; path = ChatUITests.xctest; sourceTree = BUILT_PRODUCTS_DIR; };
		84FBD9F31F9F47F5005D779C /* ChatUITests.swift */ = {isa = PBXFileReference; lastKnownFileType = sourcecode.swift; path = ChatUITests.swift; sourceTree = "<group>"; };
		84FBD9F51F9F47F5005D779C /* Info.plist */ = {isa = PBXFileReference; lastKnownFileType = text.plist.xml; path = Info.plist; sourceTree = "<group>"; };
		84FBDA051F9F4CFE005D779C /* LoginController.swift */ = {isa = PBXFileReference; lastKnownFileType = sourcecode.swift; path = LoginController.swift; sourceTree = "<group>"; };
/* End PBXFileReference section */

/* Begin PBXFrameworksBuildPhase section */
		84FBD9CD1F9F47F4005D779C /* Frameworks */ = {
			isa = PBXFrameworksBuildPhase;
			buildActionMask = 2147483647;
			files = (
			);
			runOnlyForDeploymentPostprocessing = 0;
		};
		84FBD9E11F9F47F5005D779C /* Frameworks */ = {
			isa = PBXFrameworksBuildPhase;
			buildActionMask = 2147483647;
			files = (
			);
			runOnlyForDeploymentPostprocessing = 0;
		};
		84FBD9EC1F9F47F5005D779C /* Frameworks */ = {
			isa = PBXFrameworksBuildPhase;
			buildActionMask = 2147483647;
			files = (
			);
			runOnlyForDeploymentPostprocessing = 0;
		};
/* End PBXFrameworksBuildPhase section */

/* Begin PBXGroup section */
		84FBD9C71F9F47F4005D779C = {
			isa = PBXGroup;
			children = (
				84FBD9D21F9F47F4005D779C /* Chat */,
				84FBD9E71F9F47F5005D779C /* ChatTests */,
				84FBD9F21F9F47F5005D779C /* ChatUITests */,
				84FBD9D11F9F47F4005D779C /* Products */,
			);
			sourceTree = "<group>";
		};
		84FBD9D11F9F47F4005D779C /* Products */ = {
			isa = PBXGroup;
			children = (
				84FBD9D01F9F47F4005D779C /* Chat.app */,
				84FBD9E41F9F47F5005D779C /* ChatTests.xctest */,
				84FBD9EF1F9F47F5005D779C /* ChatUITests.xctest */,
			);
			name = Products;
			sourceTree = "<group>";
		};
		84FBD9D21F9F47F4005D779C /* Chat */ = {
			isa = PBXGroup;
			children = (
				84FBDA041F9F4C84005D779C /* Controller */,
				84FBD9D31F9F47F4005D779C /* AppDelegate.swift */,
				84FBD9D71F9F47F4005D779C /* Main.storyboard */,
				84FBD9DA1F9F47F4005D779C /* Assets.xcassets */,
				84FBD9DC1F9F47F4005D779C /* LaunchScreen.storyboard */,
				84FBD9DF1F9F47F4005D779C /* Info.plist */,
			);
			path = Chat;
			sourceTree = "<group>";
		};
		84FBD9E71F9F47F5005D779C /* ChatTests */ = {
			isa = PBXGroup;
			children = (
				84FBD9E81F9F47F5005D779C /* ChatTests.swift */,
				84FBD9EA1F9F47F5005D779C /* Info.plist */,
			);
			path = ChatTests;
			sourceTree = "<group>";
		};
		84FBD9F21F9F47F5005D779C /* ChatUITests */ = {
			isa = PBXGroup;
			children = (
				84FBD9F31F9F47F5005D779C /* ChatUITests.swift */,
				84FBD9F51F9F47F5005D779C /* Info.plist */,
			);
			path = ChatUITests;
			sourceTree = "<group>";
		};
		84FBDA041F9F4C84005D779C /* Controller */ = {
			isa = PBXGroup;
			children = (
				84FBD9D51F9F47F4005D779C /* ViewController.swift */,
				84FBDA051F9F4CFE005D779C /* LoginController.swift */,
			);
			path = Controller;
			sourceTree = "<group>";
		};
/* End PBXGroup section */

/* Begin PBXNativeTarget section */
		84FBD9CF1F9F47F4005D779C /* Chat */ = {
			isa = PBXNativeTarget;
			buildConfigurationList = 84FBD9F81F9F47F5005D779C /* Build configuration list for PBXNativeTarget "Chat" */;
			buildPhases = (
				84FBD9CC1F9F47F4005D779C /* Sources */,
				84FBD9CD1F9F47F4005D779C /* Frameworks */,
				84FBD9CE1F9F47F4005D779C /* Resources */,
			);
			buildRules = (
			);
			dependencies = (
			);
			name = Chat;
			productName = Chat;
			productReference = 84FBD9D01F9F47F4005D779C /* Chat.app */;
			productType = "com.apple.product-type.application";
		};
		84FBD9E31F9F47F5005D779C /* ChatTests */ = {
			isa = PBXNativeTarget;
			buildConfigurationList = 84FBD9FB1F9F47F5005D779C /* Build configuration list for PBXNativeTarget "ChatTests" */;
			buildPhases = (
				84FBD9E01F9F47F5005D779C /* Sources */,
				84FBD9E11F9F47F5005D779C /* Frameworks */,
				84FBD9E21F9F47F5005D779C /* Resources */,
			);
			buildRules = (
			);
			dependencies = (
				84FBD9E61F9F47F5005D779C /* PBXTargetDependency */,
			);
			name = ChatTests;
			productName = ChatTests;
			productReference = 84FBD9E41F9F47F5005D779C /* ChatTests.xctest */;
			productType = "com.apple.product-type.bundle.unit-test";
		};
		84FBD9EE1F9F47F5005D779C /* ChatUITests */ = {
			isa = PBXNativeTarget;
			buildConfigurationList = 84FBD9FE1F9F47F5005D779C /* Build configuration list for PBXNativeTarget "ChatUITests" */;
			buildPhases = (
				84FBD9EB1F9F47F5005D779C /* Sources */,
				84FBD9EC1F9F47F5005D779C /* Frameworks */,
				84FBD9ED1F9F47F5005D779C /* Resources */,
			);
			buildRules = (
			);
			dependencies = (
				84FBD9F11F9F47F5005D779C /* PBXTargetDependency */,
			);
			name = ChatUITests;
			productName = ChatUITests;
			productReference = 84FBD9EF1F9F47F5005D779C /* ChatUITests.xctest */;
			productType = "com.apple.product-type.bundle.ui-testing";
		};
/* End PBXNativeTarget section */

/* Begin PBXProject section */
		84FBD9C81F9F47F4005D779C /* Project object */ = {
			isa = PBXProject;
			attributes = {
				LastSwiftUpdateCheck = 0900;
				LastUpgradeCheck = 0900;
				ORGANIZATIONNAME = Admin;
				TargetAttributes = {
					84FBD9CF1F9F47F4005D779C = {
						CreatedOnToolsVersion = 9.0;
						ProvisioningStyle = Automatic;
					};
					84FBD9E31F9F47F5005D779C = {
						CreatedOnToolsVersion = 9.0;
						ProvisioningStyle = Automatic;
						TestTargetID = 84FBD9CF1F9F47F4005D779C;
					};
					84FBD9EE1F9F47F5005D779C = {
						CreatedOnToolsVersion = 9.0;
						ProvisioningStyle = Automatic;
						TestTargetID = 84FBD9CF1F9F47F4005D779C;
					};
				};
			};
			buildConfigurationList = 84FBD9CB1F9F47F4005D779C /* Build configuration list for PBXProject "Chat" */;
			compatibilityVersion = "Xcode 8.0";
			developmentRegion = en;
			hasScannedForEncodings = 0;
			knownRegions = (
				en,
				Base,
			);
			mainGroup = 84FBD9C71F9F47F4005D779C;
			productRefGroup = 84FBD9D11F9F47F4005D779C /* Products */;
			projectDirPath = "";
			projectRoot = "";
			targets = (
				84FBD9CF1F9F47F4005D779C /* Chat */,
				84FBD9E31F9F47F5005D779C /* ChatTests */,
				84FBD9EE1F9F47F5005D779C /* ChatUITests */,
			);
		};
/* End PBXProject section */

/* Begin PBXResourcesBuildPhase section */
		84FBD9CE1F9F47F4005D779C /* Resources */ = {
			isa = PBXResourcesBuildPhase;
			buildActionMask = 2147483647;
			files = (
				84FBD9DE1F9F47F4005D779C /* LaunchScreen.storyboard in Resources */,
				84FBD9DB1F9F47F4005D779C /* Assets.xcassets in Resources */,
				84FBD9D91F9F47F4005D779C /* Main.storyboard in Resources */,
			);
			runOnlyForDeploymentPostprocessing = 0;
		};
		84FBD9E21F9F47F5005D779C /* Resources */ = {
			isa = PBXResourcesBuildPhase;
			buildActionMask = 2147483647;
			files = (
			);
			runOnlyForDeploymentPostprocessing = 0;
		};
		84FBD9ED1F9F47F5005D779C /* Resources */ = {
			isa = PBXResourcesBuildPhase;
			buildActionMask = 2147483647;
			files = (
			);
			runOnlyForDeploymentPostprocessing = 0;
		};
/* End PBXResourcesBuildPhase section */

/* Begin PBXSourcesBuildPhase section */
		84FBD9CC1F9F47F4005D779C /* Sources */ = {
			isa = PBXSourcesBuildPhase;
			buildActionMask = 2147483647;
			files = (
				84FBD9D61F9F47F4005D779C /* ViewController.swift in Sources */,
				84FBDA061F9F4CFE005D779C /* LoginController.swift in Sources */,
				84FBD9D41F9F47F4005D779C /* AppDelegate.swift in Sources */,
			);
			runOnlyForDeploymentPostprocessing = 0;
		};
		84FBD9E01F9F47F5005D779C /* Sources */ = {
			isa = PBXSourcesBuildPhase;
			buildActionMask = 2147483647;
			files = (
				84FBD9E91F9F47F5005D779C /* ChatTests.swift in Sources */,
			);
			runOnlyForDeploymentPostprocessing = 0;
		};
		84FBD9EB1F9F47F5005D779C /* Sources */ = {
			isa = PBXSourcesBuildPhase;
			buildActionMask = 2147483647;
			files = (
				84FBD9F41F9F47F5005D779C /* ChatUITests.swift in Sources */,
			);
			runOnlyForDeploymentPostprocessing = 0;
		};
/* End PBXSourcesBuildPhase section */

/* Begin PBXTargetDependency section */
		84FBD9E61F9F47F5005D779C /* PBXTargetDependency */ = {
			isa = PBXTargetDependency;
			target = 84FBD9CF1F9F47F4005D779C /* Chat */;
			targetProxy = 84FBD9E51F9F47F5005D779C /* PBXContainerItemProxy */;
		};
		84FBD9F11F9F47F5005D779C /* PBXTargetDependency */ = {
			isa = PBXTargetDependency;
			target = 84FBD9CF1F9F47F4005D779C /* Chat */;
			targetProxy = 84FBD9F01F9F47F5005D779C /* PBXContainerItemProxy */;
		};
/* End PBXTargetDependency section */

/* Begin PBXVariantGroup section */
		84FBD9D71F9F47F4005D779C /* Main.storyboard */ = {
			isa = PBXVariantGroup;
			children = (
				84FBD9D81F9F47F4005D779C /* Base */,
			);
			name = Main.storyboard;
			sourceTree = "<group>";
		};
		84FBD9DC1F9F47F4005D779C /* LaunchScreen.storyboard */ = {
			isa = PBXVariantGroup;
			children = (
				84FBD9DD1F9F47F4005D779C /* Base */,
			);
			name = LaunchScreen.storyboard;
			sourceTree = "<group>";
		};
/* End PBXVariantGroup section */

/* Begin XCBuildConfiguration section */
		84FBD9F61F9F47F5005D779C /* Debug */ = {
			isa = XCBuildConfiguration;
			buildSettings = {
				ALWAYS_SEARCH_USER_PATHS = NO;
				CLANG_ANALYZER_NONNULL = YES;
				CLANG_ANALYZER_NUMBER_OBJECT_CONVERSION = YES_AGGRESSIVE;
				CLANG_CXX_LANGUAGE_STANDARD = "gnu++14";
				CLANG_CXX_LIBRARY = "libc++";
				CLANG_ENABLE_MODULES = YES;
				CLANG_ENABLE_OBJC_ARC = YES;
				CLANG_WARN_BLOCK_CAPTURE_AUTORELEASING = YES;
				CLANG_WARN_BOOL_CONVERSION = YES;
				CLANG_WARN_COMMA = YES;
				CLANG_WARN_CONSTANT_CONVERSION = YES;
				CLANG_WARN_DIRECT_OBJC_ISA_USAGE = YES_ERROR;
				CLANG_WARN_DOCUMENTATION_COMMENTS = YES;
				CLANG_WARN_EMPTY_BODY = YES;
				CLANG_WARN_ENUM_CONVERSION = YES;
				CLANG_WARN_INFINITE_RECURSION = YES;
				CLANG_WARN_INT_CONVERSION = YES;
				CLANG_WARN_NON_LITERAL_NULL_CONVERSION = YES;
				CLANG_WARN_OBJC_LITERAL_CONVERSION = YES;
				CLANG_WARN_OBJC_ROOT_CLASS = YES_ERROR;
				CLANG_WARN_RANGE_LOOP_ANALYSIS = YES;
				CLANG_WARN_STRICT_PROTOTYPES = YES;
				CLANG_WARN_SUSPICIOUS_MOVE = YES;
				CLANG_WARN_UNGUARDED_AVAILABILITY = YES_AGGRESSIVE;
				CLANG_WARN_UNREACHABLE_CODE = YES;
				CLANG_WARN__DUPLICATE_METHOD_MATCH = YES;
				CODE_SIGN_IDENTITY = "iPhone Developer";
				COPY_PHASE_STRIP = NO;
				DEBUG_INFORMATION_FORMAT = dwarf;
				ENABLE_STRICT_OBJC_MSGSEND = YES;
				ENABLE_TESTABILITY = YES;
				GCC_C_LANGUAGE_STANDARD = gnu11;
				GCC_DYNAMIC_NO_PIC = NO;
				GCC_NO_COMMON_BLOCKS = YES;
				GCC_OPTIMIZATION_LEVEL = 0;
				GCC_PREPROCESSOR_DEFINITIONS = (
					"DEBUG=1",
					"$(inherited)",
				);
				GCC_WARN_64_TO_32_BIT_CONVERSION = YES;
				GCC_WARN_ABOUT_RETURN_TYPE = YES_ERROR;
				GCC_WARN_UNDECLARED_SELECTOR = YES;
				GCC_WARN_UNINITIALIZED_AUTOS = YES_AGGRESSIVE;
				GCC_WARN_UNUSED_FUNCTION = YES;
				GCC_WARN_UNUSED_VARIABLE = YES;
				IPHONEOS_DEPLOYMENT_TARGET = 11.0;
				MTL_ENABLE_DEBUG_INFO = YES;
				ONLY_ACTIVE_ARCH = YES;
				SDKROOT = iphoneos;
				SWIFT_ACTIVE_COMPILATION_CONDITIONS = DEBUG;
				SWIFT_OPTIMIZATION_LEVEL = "-Onone";
			};
			name = Debug;
		};
		84FBD9F71F9F47F5005D779C /* Release */ = {
			isa = XCBuildConfiguration;
			buildSettings = {
				ALWAYS_SEARCH_USER_PATHS = NO;
				CLANG_ANALYZER_NONNULL = YES;
				CLANG_ANALYZER_NUMBER_OBJECT_CONVERSION = YES_AGGRESSIVE;
				CLANG_CXX_LANGUAGE_STANDARD = "gnu++14";
				CLANG_CXX_LIBRARY = "libc++";
				CLANG_ENABLE_MODULES = YES;
				CLANG_ENABLE_OBJC_ARC = YES;
				CLANG_WARN_BLOCK_CAPTURE_AUTORELEASING = YES;
				CLANG_WARN_BOOL_CONVERSION = YES;
				CLANG_WARN_COMMA = YES;
				CLANG_WARN_CONSTANT_CONVERSION = YES;
				CLANG_WARN_DIRECT_OBJC_ISA_USAGE = YES_ERROR;
				CLANG_WARN_DOCUMENTATION_COMMENTS = YES;
				CLANG_WARN_EMPTY_BODY = YES;
				CLANG_WARN_ENUM_CONVERSION = YES;
				CLANG_WARN_INFINITE_RECURSION = YES;
				CLANG_WARN_INT_CONVERSION = YES;
				CLANG_WARN_NON_LITERAL_NULL_CONVERSION = YES;
				CLANG_WARN_OBJC_LITERAL_CONVERSION = YES;
				CLANG_WARN_OBJC_ROOT_CLASS = YES_ERROR;
				CLANG_WARN_RANGE_LOOP_ANALYSIS = YES;
				CLANG_WARN_STRICT_PROTOTYPES = YES;
				CLANG_WARN_SUSPICIOUS_MOVE = YES;
				CLANG_WARN_UNGUARDED_AVAILABILITY = YES_AGGRESSIVE;
				CLANG_WARN_UNREACHABLE_CODE = YES;
				CLANG_WARN__DUPLICATE_METHOD_MATCH = YES;
				CODE_SIGN_IDENTITY = "iPhone Developer";
				COPY_PHASE_STRIP = NO;
				DEBUG_INFORMATION_FORMAT = "dwarf-with-dsym";
				ENABLE_NS_ASSERTIONS = NO;
				ENABLE_STRICT_OBJC_MSGSEND = YES;
				GCC_C_LANGUAGE_STANDARD = gnu11;
				GCC_NO_COMMON_BLOCKS = YES;
				GCC_WARN_64_TO_32_BIT_CONVERSION = YES;
				GCC_WARN_ABOUT_RETURN_TYPE = YES_ERROR;
				GCC_WARN_UNDECLARED_SELECTOR = YES;
				GCC_WARN_UNINITIALIZED_AUTOS = YES_AGGRESSIVE;
				GCC_WARN_UNUSED_FUNCTION = YES;
				GCC_WARN_UNUSED_VARIABLE = YES;
				IPHONEOS_DEPLOYMENT_TARGET = 11.0;
				MTL_ENABLE_DEBUG_INFO = NO;
				SDKROOT = iphoneos;
				SWIFT_OPTIMIZATION_LEVEL = "-Owholemodule";
				VALIDATE_PRODUCT = YES;
			};
			name = Release;
		};
		84FBD9F91F9F47F5005D779C /* Debug */ = {
			isa = XCBuildConfiguration;
			buildSettings = {
				ASSETCATALOG_COMPILER_APPICON_NAME = AppIcon;
				CODE_SIGN_STYLE = Automatic;
				INFOPLIST_FILE = Chat/Info.plist;
				LD_RUNPATH_SEARCH_PATHS = "$(inherited) @executable_path/Frameworks";
				PRODUCT_BUNDLE_IDENTIFIER = dreamCode.Chat;
				PRODUCT_NAME = "$(TARGET_NAME)";
				SWIFT_VERSION = 4.0;
				TARGETED_DEVICE_FAMILY = "1,2";
			};
			name = Debug;
		};
		84FBD9FA1F9F47F5005D779C /* Release */ = {
			isa = XCBuildConfiguration;
			buildSettings = {
				ASSETCATALOG_COMPILER_APPICON_NAME = AppIcon;
				CODE_SIGN_STYLE = Automatic;
				INFOPLIST_FILE = Chat/Info.plist;
				LD_RUNPATH_SEARCH_PATHS = "$(inherited) @executable_path/Frameworks";
				PRODUCT_BUNDLE_IDENTIFIER = dreamCode.Chat;
				PRODUCT_NAME = "$(TARGET_NAME)";
				SWIFT_VERSION = 4.0;
				TARGETED_DEVICE_FAMILY = "1,2";
			};
			name = Release;
		};
		84FBD9FC1F9F47F5005D779C /* Debug */ = {
			isa = XCBuildConfiguration;
			buildSettings = {
				ALWAYS_EMBED_SWIFT_STANDARD_LIBRARIES = YES;
				BUNDLE_LOADER = "$(TEST_HOST)";
				CODE_SIGN_STYLE = Automatic;
				INFOPLIST_FILE = ChatTests/Info.plist;
				LD_RUNPATH_SEARCH_PATHS = "$(inherited) @executable_path/Frameworks @loader_path/Frameworks";
				PRODUCT_BUNDLE_IDENTIFIER = dreamCode.ChatTests;
				PRODUCT_NAME = "$(TARGET_NAME)";
				SWIFT_VERSION = 4.0;
				TARGETED_DEVICE_FAMILY = "1,2";
				TEST_HOST = "$(BUILT_PRODUCTS_DIR)/Chat.app/Chat";
			};
			name = Debug;
		};
		84FBD9FD1F9F47F5005D779C /* Release */ = {
			isa = XCBuildConfiguration;
			buildSettings = {
				ALWAYS_EMBED_SWIFT_STANDARD_LIBRARIES = YES;
				BUNDLE_LOADER = "$(TEST_HOST)";
				CODE_SIGN_STYLE = Automatic;
				INFOPLIST_FILE = ChatTests/Info.plist;
				LD_RUNPATH_SEARCH_PATHS = "$(inherited) @executable_path/Frameworks @loader_path/Frameworks";
				PRODUCT_BUNDLE_IDENTIFIER = dreamCode.ChatTests;
				PRODUCT_NAME = "$(TARGET_NAME)";
				SWIFT_VERSION = 4.0;
				TARGETED_DEVICE_FAMILY = "1,2";
				TEST_HOST = "$(BUILT_PRODUCTS_DIR)/Chat.app/Chat";
			};
			name = Release;
		};
		84FBD9FF1F9F47F5005D779C /* Debug */ = {
			isa = XCBuildConfiguration;
			buildSettings = {
				ALWAYS_EMBED_SWIFT_STANDARD_LIBRARIES = YES;
				CODE_SIGN_STYLE = Automatic;
				INFOPLIST_FILE = ChatUITests/Info.plist;
				LD_RUNPATH_SEARCH_PATHS = "$(inherited) @executable_path/Frameworks @loader_path/Frameworks";
				PRODUCT_BUNDLE_IDENTIFIER = dreamCode.ChatUITests;
				PRODUCT_NAME = "$(TARGET_NAME)";
				SWIFT_VERSION = 4.0;
				TARGETED_DEVICE_FAMILY = "1,2";
				TEST_TARGET_NAME = Chat;
			};
			name = Debug;
		};
		84FBDA001F9F47F5005D779C /* Release */ = {
			isa = XCBuildConfiguration;
			buildSettings = {
				ALWAYS_EMBED_SWIFT_STANDARD_LIBRARIES = YES;
				CODE_SIGN_STYLE = Automatic;
				INFOPLIST_FILE = ChatUITests/Info.plist;
				LD_RUNPATH_SEARCH_PATHS = "$(inherited) @executable_path/Frameworks @loader_path/Frameworks";
				PRODUCT_BUNDLE_IDENTIFIER = dreamCode.ChatUITests;
				PRODUCT_NAME = "$(TARGET_NAME)";
				SWIFT_VERSION = 4.0;
				TARGETED_DEVICE_FAMILY = "1,2";
				TEST_TARGET_NAME = Chat;
			};
			name = Release;
		};
/* End XCBuildConfiguration section */

/* Begin XCConfigurationList section */
		84FBD9CB1F9F47F4005D779C /* Build configuration list for PBXProject "Chat" */ = {
			isa = XCConfigurationList;
			buildConfigurations = (
				84FBD9F61F9F47F5005D779C /* Debug */,
				84FBD9F71F9F47F5005D779C /* Release */,
			);
			defaultConfigurationIsVisible = 0;
			defaultConfigurationName = Release;
		};
		84FBD9F81F9F47F5005D779C /* Build configuration list for PBXNativeTarget "Chat" */ = {
			isa = XCConfigurationList;
			buildConfigurations = (
				84FBD9F91F9F47F5005D779C /* Debug */,
				84FBD9FA1F9F47F5005D779C /* Release */,
			);
			defaultConfigurationIsVisible = 0;
			defaultConfigurationName = Release;
		};
		84FBD9FB1F9F47F5005D779C /* Build configuration list for PBXNativeTarget "ChatTests" */ = {
			isa = XCConfigurationList;
			buildConfigurations = (
				84FBD9FC1F9F47F5005D779C /* Debug */,
				84FBD9FD1F9F47F5005D779C /* Release */,
			);
			defaultConfigurationIsVisible = 0;
			defaultConfigurationName = Release;
		};
		84FBD9FE1F9F47F5005D779C /* Build configuration list for PBXNativeTarget "ChatUITests" */ = {
			isa = XCConfigurationList;
			buildConfigurations = (
				84FBD9FF1F9F47F5005D779C /* Debug */,
				84FBDA001F9F47F5005D779C /* Release */,
			);
			defaultConfigurationIsVisible = 0;
			defaultConfigurationName = Release;
		};
/* End XCConfigurationList section */
	};
	rootObject = 84FBD9C81F9F47F4005D779C /* Project object */;
}
