// !$*UTF8*$!
{
	archiveVersion = 1;
	classes = {
	};
	objectVersion = 48;
	objects = {

/* Begin PBXBuildFile section */
		2B2EFBDFBBADDA05A29ACC08 /* Pods_Chat.framework in Frameworks */ = {isa = PBXBuildFile; fileRef = 2706D112A4FD894E7D77B8D4 /* Pods_Chat.framework */; };
		8428086C1FA5D84400F706BD /* UserCell.swift in Sources */ = {isa = PBXBuildFile; fileRef = 8428086B1FA5D84300F706BD /* UserCell.swift */; };
		843BC2B21FA1D44B002232A9 /* NewMessageController.swift in Sources */ = {isa = PBXBuildFile; fileRef = 843BC2B11FA1D44B002232A9 /* NewMessageController.swift */; };
		843BC2B51FA1DA5A002232A9 /* User.swift in Sources */ = {isa = PBXBuildFile; fileRef = 843BC2B41FA1DA5A002232A9 /* User.swift */; };
		843BC2B71FA1E4C5002232A9 /* LoginControllerHandle.swift in Sources */ = {isa = PBXBuildFile; fileRef = 843BC2B61FA1E4C5002232A9 /* LoginControllerHandle.swift */; };
		84891D6B1FA63310001B101D /* ConversationMessageCell.swift in Sources */ = {isa = PBXBuildFile; fileRef = 84891D6A1FA63310001B101D /* ConversationMessageCell.swift */; };
		84894C2B1FB071850070DEE9 /* ConversationInputConteinerView.swift in Sources */ = {isa = PBXBuildFile; fileRef = 84894C2A1FB071850070DEE9 /* ConversationInputConteinerView.swift */; };
		849C94021FA120DB000F3B3A /* GoogleService-Info.plist in Resources */ = {isa = PBXBuildFile; fileRef = 849C94011FA11D90000F3B3A /* GoogleService-Info.plist */; };
		84CED81A1FA3A94200BC82B9 /* ConversationController.swift in Sources */ = {isa = PBXBuildFile; fileRef = 84CED8191FA3A94200BC82B9 /* ConversationController.swift */; };
		84CED81C1FA3C5CA00BC82B9 /* Message.swift in Sources */ = {isa = PBXBuildFile; fileRef = 84CED81B1FA3C5CA00BC82B9 /* Message.swift */; };
		84E378EF1FA27A39009D0B78 /* Extensions.swift in Sources */ = {isa = PBXBuildFile; fileRef = 84E378EE1FA27A39009D0B78 /* Extensions.swift */; };
		84FBD9D41F9F47F4005D779C /* AppDelegate.swift in Sources */ = {isa = PBXBuildFile; fileRef = 84FBD9D31F9F47F4005D779C /* AppDelegate.swift */; };
		84FBD9D61F9F47F4005D779C /* MessagesController.swift in Sources */ = {isa = PBXBuildFile; fileRef = 84FBD9D51F9F47F4005D779C /* MessagesController.swift */; };
		84FBD9D91F9F47F4005D779C /* Main.storyboard in Resources */ = {isa = PBXBuildFile; fileRef = 84FBD9D71F9F47F4005D779C /* Main.storyboard */; };
		84FBD9DB1F9F47F4005D779C /* Assets.xcassets in Resources */ = {isa = PBXBuildFile; fileRef = 84FBD9DA1F9F47F4005D779C /* Assets.xcassets */; };
		84FBD9DE1F9F47F4005D779C /* LaunchScreen.storyboard in Resources */ = {isa = PBXBuildFile; fileRef = 84FBD9DC1F9F47F4005D779C /* LaunchScreen.storyboard */; };
		84FBD9E91F9F47F5005D779C /* ChatTests.swift in Sources */ = {isa = PBXBuildFile; fileRef = 84FBD9E81F9F47F5005D779C /* ChatTests.swift */; };
		84FBD9F41F9F47F5005D779C /* ChatUITests.swift in Sources */ = {isa = PBXBuildFile; fileRef = 84FBD9F31F9F47F5005D779C /* ChatUITests.swift */; };
		84FBDA061F9F4CFE005D779C /* LoginController.swift in Sources */ = {isa = PBXBuildFile; fileRef = 84FBDA051F9F4CFE005D779C /* LoginController.swift */; };
		AFC115D8226449683EC593A0 /* Pods_ChatUITests.framework in Frameworks */ = {isa = PBXBuildFile; fileRef = F4B036A381D5C061732BA15F /* Pods_ChatUITests.framework */; };
		B14224A10F1CB65A47DFA13E /* Pods_ChatTests.framework in Frameworks */ = {isa = PBXBuildFile; fileRef = 0959E73DB5E1BE6725730A03 /* Pods_ChatTests.framework */; };
/* End PBXBuildFile section */

/* Begin PBXContainerItemProxy section */
		84FBD9E51F9F47F5005D779C /* PBXContainerItemProxy */ = {
			isa = PBXContainerItemProxy;
			containerPortal = 84FBD9C81F9F47F4005D779C /* Project object */;
			proxyType = 1;
			remoteGlobalIDString = 84FBD9CF1F9F47F4005D779C;
			remoteInfo = Chat;
		};
		84FBD9F01F9F47F5005D779C /* PBXContainerItemProxy */ = {
			isa = PBXContainerItemProxy;
			containerPortal = 84FBD9C81F9F47F4005D779C /* Project object */;
			proxyType = 1;
			remoteGlobalIDString = 84FBD9CF1F9F47F4005D779C;
			remoteInfo = Chat;
		};
/* End PBXContainerItemProxy section */

/* Begin PBXFileReference section */
		064D6160270361F019274F80 /* Pods-ChatTests.debug.xcconfig */ = {isa = PBXFileReference; includeInIndex = 1; lastKnownFileType = text.xcconfig; name = "Pods-ChatTests.debug.xcconfig"; path = "Pods/Target Support Files/Pods-ChatTests/Pods-ChatTests.debug.xcconfig"; sourceTree = "<group>"; };
		0959E73DB5E1BE6725730A03 /* Pods_ChatTests.framework */ = {isa = PBXFileReference; explicitFileType = wrapper.framework; includeInIndex = 0; path = Pods_ChatTests.framework; sourceTree = BUILT_PRODUCTS_DIR; };
		1A97649A6FB07E6A6CAFB51F /* Pods-Chat.release.xcconfig */ = {isa = PBXFileReference; includeInIndex = 1; lastKnownFileType = text.xcconfig; name = "Pods-Chat.release.xcconfig"; path = "Pods/Target Support Files/Pods-Chat/Pods-Chat.release.xcconfig"; sourceTree = "<group>"; };
		2706D112A4FD894E7D77B8D4 /* Pods_Chat.framework */ = {isa = PBXFileReference; explicitFileType = wrapper.framework; includeInIndex = 0; path = Pods_Chat.framework; sourceTree = BUILT_PRODUCTS_DIR; };
		4D9C8D120B03D9F0545308A5 /* Pods-ChatTests.release.xcconfig */ = {isa = PBXFileReference; includeInIndex = 1; lastKnownFileType = text.xcconfig; name = "Pods-ChatTests.release.xcconfig"; path = "Pods/Target Support Files/Pods-ChatTests/Pods-ChatTests.release.xcconfig"; sourceTree = "<group>"; };
		8428086B1FA5D84300F706BD /* UserCell.swift */ = {isa = PBXFileReference; lastKnownFileType = sourcecode.swift; path = UserCell.swift; sourceTree = "<group>"; };
		843BC2B11FA1D44B002232A9 /* NewMessageController.swift */ = {isa = PBXFileReference; lastKnownFileType = sourcecode.swift; path = NewMessageController.swift; sourceTree = "<group>"; };
		843BC2B41FA1DA5A002232A9 /* User.swift */ = {isa = PBXFileReference; lastKnownFileType = sourcecode.swift; path = User.swift; sourceTree = "<group>"; };
		843BC2B61FA1E4C5002232A9 /* LoginControllerHandle.swift */ = {isa = PBXFileReference; lastKnownFileType = sourcecode.swift; path = LoginControllerHandle.swift; sourceTree = "<group>"; };
		84891D6A1FA63310001B101D /* ConversationMessageCell.swift */ = {isa = PBXFileReference; lastKnownFileType = sourcecode.swift; path = ConversationMessageCell.swift; sourceTree = "<group>"; };
		84894C2A1FB071850070DEE9 /* ConversationInputConteinerView.swift */ = {isa = PBXFileReference; lastKnownFileType = sourcecode.swift; path = ConversationInputConteinerView.swift; sourceTree = "<group>"; };
		849C94011FA11D90000F3B3A /* GoogleService-Info.plist */ = {isa = PBXFileReference; lastKnownFileType = text.plist.xml; path = "GoogleService-Info.plist"; sourceTree = "<group>"; };
		84CED8191FA3A94200BC82B9 /* ConversationController.swift */ = {isa = PBXFileReference; lastKnownFileType = sourcecode.swift; path = ConversationController.swift; sourceTree = "<group>"; };
		84CED81B1FA3C5CA00BC82B9 /* Message.swift */ = {isa = PBXFileReference; lastKnownFileType = sourcecode.swift; path = Message.swift; sourceTree = "<group>"; };
		84E378EE1FA27A39009D0B78 /* Extensions.swift */ = {isa = PBXFileReference; lastKnownFileType = sourcecode.swift; path = Extensions.swift; sourceTree = "<group>"; };
		84FBD9D01F9F47F4005D779C /* Chat.app */ = {isa = PBXFileReference; explicitFileType = wrapper.application; includeInIndex = 0; path = Chat.app; sourceTree = BUILT_PRODUCTS_DIR; };
		84FBD9D31F9F47F4005D779C /* AppDelegate.swift */ = {isa = PBXFileReference; lastKnownFileType = sourcecode.swift; path = AppDelegate.swift; sourceTree = "<group>"; };
		84FBD9D51F9F47F4005D779C /* MessagesController.swift */ = {isa = PBXFileReference; lastKnownFileType = sourcecode.swift; path = MessagesController.swift; sourceTree = "<group>"; };
		84FBD9D81F9F47F4005D779C /* Base */ = {isa = PBXFileReference; lastKnownFileType = file.storyboard; name = Base; path = Base.lproj/Main.storyboard; sourceTree = "<group>"; };
		84FBD9DA1F9F47F4005D779C /* Assets.xcassets */ = {isa = PBXFileReference; lastKnownFileType = folder.assetcatalog; path = Assets.xcassets; sourceTree = "<group>"; };
		84FBD9DD1F9F47F4005D779C /* Base */ = {isa = PBXFileReference; lastKnownFileType = file.storyboard; name = Base; path = Base.lproj/LaunchScreen.storyboard; sourceTree = "<group>"; };
		84FBD9DF1F9F47F4005D779C /* Info.plist */ = {isa = PBXFileReference; lastKnownFileType = text.plist.xml; path = Info.plist; sourceTree = "<group>"; };
		84FBD9E41F9F47F5005D779C /* ChatTests.xctest */ = {isa = PBXFileReference; explicitFileType = wrapper.cfbundle; includeInIndex = 0; path = ChatTests.xctest; sourceTree = BUILT_PRODUCTS_DIR; };
		84FBD9E81F9F47F5005D779C /* ChatTests.swift */ = {isa = PBXFileReference; lastKnownFileType = sourcecode.swift; path = ChatTests.swift; sourceTree = "<group>"; };
		84FBD9EA1F9F47F5005D779C /* Info.plist */ = {isa = PBXFileReference; lastKnownFileType = text.plist.xml; path = Info.plist; sourceTree = "<group>"; };
		84FBD9EF1F9F47F5005D779C /* ChatUITests.xctest */ = {isa = PBXFileReference; explicitFileType = wrapper.cfbundle; includeInIndex = 0; path = ChatUITests.xctest; sourceTree = BUILT_PRODUCTS_DIR; };
		84FBD9F31F9F47F5005D779C /* ChatUITests.swift */ = {isa = PBXFileReference; lastKnownFileType = sourcecode.swift; path = ChatUITests.swift; sourceTree = "<group>"; };
		84FBD9F51F9F47F5005D779C /* Info.plist */ = {isa = PBXFileReference; lastKnownFileType = text.plist.xml; path = Info.plist; sourceTree = "<group>"; };
		84FBDA051F9F4CFE005D779C /* LoginController.swift */ = {isa = PBXFileReference; lastKnownFileType = sourcecode.swift; path = LoginController.swift; sourceTree = "<group>"; };
		A91614BCFC6650989DA933EA /* Pods-ChatUITests.debug.xcconfig */ = {isa = PBXFileReference; includeInIndex = 1; lastKnownFileType = text.xcconfig; name = "Pods-ChatUITests.debug.xcconfig"; path = "Pods/Target Support Files/Pods-ChatUITests/Pods-ChatUITests.debug.xcconfig"; sourceTree = "<group>"; };
		AF4FC19B8FB46BC64AB129A5 /* Pods-Chat.debug.xcconfig */ = {isa = PBXFileReference; includeInIndex = 1; lastKnownFileType = text.xcconfig; name = "Pods-Chat.debug.xcconfig"; path = "Pods/Target Support Files/Pods-Chat/Pods-Chat.debug.xcconfig"; sourceTree = "<group>"; };
		B7E42F9122F00796B17B92D2 /* Pods-ChatUITests.release.xcconfig */ = {isa = PBXFileReference; includeInIndex = 1; lastKnownFileType = text.xcconfig; name = "Pods-ChatUITests.release.xcconfig"; path = "Pods/Target Support Files/Pods-ChatUITests/Pods-ChatUITests.release.xcconfig"; sourceTree = "<group>"; };
		F4B036A381D5C061732BA15F /* Pods_ChatUITests.framework */ = {isa = PBXFileReference; explicitFileType = wrapper.framework; includeInIndex = 0; path = Pods_ChatUITests.framework; sourceTree = BUILT_PRODUCTS_DIR; };
/* End PBXFileReference section */

/* Begin PBXFrameworksBuildPhase section */
		84FBD9CD1F9F47F4005D779C /* Frameworks */ = {
			isa = PBXFrameworksBuildPhase;
			buildActionMask = 2147483647;
			files = (
				2B2EFBDFBBADDA05A29ACC08 /* Pods_Chat.framework in Frameworks */,
			);
			runOnlyForDeploymentPostprocessing = 0;
		};
		84FBD9E11F9F47F5005D779C /* Frameworks */ = {
			isa = PBXFrameworksBuildPhase;
			buildActionMask = 2147483647;
			files = (
				B14224A10F1CB65A47DFA13E /* Pods_ChatTests.framework in Frameworks */,
			);
			runOnlyForDeploymentPostprocessing = 0;
		};
		84FBD9EC1F9F47F5005D779C /* Frameworks */ = {
			isa = PBXFrameworksBuildPhase;
			buildActionMask = 2147483647;
			files = (
				AFC115D8226449683EC593A0 /* Pods_ChatUITests.framework in Frameworks */,
			);
			runOnlyForDeploymentPostprocessing = 0;
		};
/* End PBXFrameworksBuildPhase section */

/* Begin PBXGroup section */
		5EC9FC00BBBA31A568DB7023 /* Pods */ = {
			isa = PBXGroup;
			children = (
				AF4FC19B8FB46BC64AB129A5 /* Pods-Chat.debug.xcconfig */,
				1A97649A6FB07E6A6CAFB51F /* Pods-Chat.release.xcconfig */,
				064D6160270361F019274F80 /* Pods-ChatTests.debug.xcconfig */,
				4D9C8D120B03D9F0545308A5 /* Pods-ChatTests.release.xcconfig */,
				A91614BCFC6650989DA933EA /* Pods-ChatUITests.debug.xcconfig */,
				B7E42F9122F00796B17B92D2 /* Pods-ChatUITests.release.xcconfig */,
			);
			name = Pods;
			sourceTree = "<group>";
		};
		788CCFF9BA3FDC41CBB1D15D /* Frameworks */ = {
			isa = PBXGroup;
			children = (
				2706D112A4FD894E7D77B8D4 /* Pods_Chat.framework */,
				0959E73DB5E1BE6725730A03 /* Pods_ChatTests.framework */,
				F4B036A381D5C061732BA15F /* Pods_ChatUITests.framework */,
			);
			name = Frameworks;
			sourceTree = "<group>";
		};
		8428086A1FA5D80700F706BD /* View */ = {
			isa = PBXGroup;
			children = (
				8428086B1FA5D84300F706BD /* UserCell.swift */,
				84891D6A1FA63310001B101D /* ConversationMessageCell.swift */,
				84894C2A1FB071850070DEE9 /* ConversationInputConteinerView.swift */,
			);
			path = View;
			sourceTree = "<group>";
		};
		843BC2B31FA1DA2A002232A9 /* Model */ = {
			isa = PBXGroup;
			children = (
				843BC2B41FA1DA5A002232A9 /* User.swift */,
				84CED81B1FA3C5CA00BC82B9 /* Message.swift */,
			);
			path = Model;
			sourceTree = "<group>";
		};
		84E378ED1FA27A16009D0B78 /* Helpers */ = {
			isa = PBXGroup;
			children = (
				84E378EE1FA27A39009D0B78 /* Extensions.swift */,
			);
			path = Helpers;
			sourceTree = "<group>";
		};
		84FBD9C71F9F47F4005D779C = {
			isa = PBXGroup;
			children = (
				84FBD9D21F9F47F4005D779C /* Chat */,
				84FBD9E71F9F47F5005D779C /* ChatTests */,
				84FBD9F21F9F47F5005D779C /* ChatUITests */,
				84FBD9D11F9F47F4005D779C /* Products */,
				5EC9FC00BBBA31A568DB7023 /* Pods */,
				788CCFF9BA3FDC41CBB1D15D /* Frameworks */,
			);
			sourceTree = "<group>";
		};
		84FBD9D11F9F47F4005D779C /* Products */ = {
			isa = PBXGroup;
			children = (
				84FBD9D01F9F47F4005D779C /* Chat.app */,
				84FBD9E41F9F47F5005D779C /* ChatTests.xctest */,
				84FBD9EF1F9F47F5005D779C /* ChatUITests.xctest */,
			);
			name = Products;
			sourceTree = "<group>";
		};
		84FBD9D21F9F47F4005D779C /* Chat */ = {
			isa = PBXGroup;
			children = (
				8428086A1FA5D80700F706BD /* View */,
				84E378ED1FA27A16009D0B78 /* Helpers */,
				843BC2B31FA1DA2A002232A9 /* Model */,
				84FBDA041F9F4C84005D779C /* Controller */,
				84FBD9D31F9F47F4005D779C /* AppDelegate.swift */,
				84FBD9D71F9F47F4005D779C /* Main.storyboard */,
				84FBD9DA1F9F47F4005D779C /* Assets.xcassets */,
				84FBD9DC1F9F47F4005D779C /* LaunchScreen.storyboard */,
				84FBD9DF1F9F47F4005D779C /* Info.plist */,
				849C94011FA11D90000F3B3A /* GoogleService-Info.plist */,
			);
			path = Chat;
			sourceTree = "<group>";
		};
		84FBD9E71F9F47F5005D779C /* ChatTests */ = {
			isa = PBXGroup;
			children = (
				84FBD9E81F9F47F5005D779C /* ChatTests.swift */,
				84FBD9EA1F9F47F5005D779C /* Info.plist */,
			);
			path = ChatTests;
			sourceTree = "<group>";
		};
		84FBD9F21F9F47F5005D779C /* ChatUITests */ = {
			isa = PBXGroup;
			children = (
				84FBD9F31F9F47F5005D779C /* ChatUITests.swift */,
				84FBD9F51F9F47F5005D779C /* Info.plist */,
			);
			path = ChatUITests;
			sourceTree = "<group>";
		};
		84FBDA041F9F4C84005D779C /* Controller */ = {
			isa = PBXGroup;
			children = (
				84FBD9D51F9F47F4005D779C /* MessagesController.swift */,
				843BC2B11FA1D44B002232A9 /* NewMessageController.swift */,
				84FBDA051F9F4CFE005D779C /* LoginController.swift */,
				843BC2B61FA1E4C5002232A9 /* LoginControllerHandle.swift */,
				84CED8191FA3A94200BC82B9 /* ConversationController.swift */,
			);
			path = Controller;
			sourceTree = "<group>";
		};
/* End PBXGroup section */

/* Begin PBXNativeTarget section */
		84FBD9CF1F9F47F4005D779C /* Chat */ = {
			isa = PBXNativeTarget;
			buildConfigurationList = 84FBD9F81F9F47F5005D779C /* Build configuration list for PBXNativeTarget "Chat" */;
			buildPhases = (
				6620885B5E97CD6C2CE0770D /* [CP] Check Pods Manifest.lock */,
				84FBD9CC1F9F47F4005D779C /* Sources */,
				84FBD9CD1F9F47F4005D779C /* Frameworks */,
				84FBD9CE1F9F47F4005D779C /* Resources */,
				8AE7AFC6B538441894F09BCE /* [CP] Embed Pods Frameworks */,
				D2C0CBBF3107AC94C8AAE393 /* [CP] Copy Pods Resources */,
			);
			buildRules = (
			);
			dependencies = (
			);
			name = Chat;
			productName = Chat;
			productReference = 84FBD9D01F9F47F4005D779C /* Chat.app */;
			productType = "com.apple.product-type.application";
		};
		84FBD9E31F9F47F5005D779C /* ChatTests */ = {
			isa = PBXNativeTarget;
			buildConfigurationList = 84FBD9FB1F9F47F5005D779C /* Build configuration list for PBXNativeTarget "ChatTests" */;
			buildPhases = (
				6A93C983D2BA3C186AB8EE22 /* [CP] Check Pods Manifest.lock */,
				84FBD9E01F9F47F5005D779C /* Sources */,
				84FBD9E11F9F47F5005D779C /* Frameworks */,
				84FBD9E21F9F47F5005D779C /* Resources */,
				B59805016F5480383F787CFD /* [CP] Embed Pods Frameworks */,
				D8B7A9ECA1CC19DCC5CCB835 /* [CP] Copy Pods Resources */,
			);
			buildRules = (
			);
			dependencies = (
				84FBD9E61F9F47F5005D779C /* PBXTargetDependency */,
			);
			name = ChatTests;
			productName = ChatTests;
			productReference = 84FBD9E41F9F47F5005D779C /* ChatTests.xctest */;
			productType = "com.apple.product-type.bundle.unit-test";
		};
		84FBD9EE1F9F47F5005D779C /* ChatUITests */ = {
			isa = PBXNativeTarget;
			buildConfigurationList = 84FBD9FE1F9F47F5005D779C /* Build configuration list for PBXNativeTarget "ChatUITests" */;
			buildPhases = (
				6377FFA54FFEB4163FB40AE4 /* [CP] Check Pods Manifest.lock */,
				84FBD9EB1F9F47F5005D779C /* Sources */,
				84FBD9EC1F9F47F5005D779C /* Frameworks */,
				84FBD9ED1F9F47F5005D779C /* Resources */,
				0343B412D8093A61CC5F1B1D /* [CP] Embed Pods Frameworks */,
				16F37D2AE5D1E3D1581D7DF2 /* [CP] Copy Pods Resources */,
			);
			buildRules = (
			);
			dependencies = (
				84FBD9F11F9F47F5005D779C /* PBXTargetDependency */,
			);
			name = ChatUITests;
			productName = ChatUITests;
			productReference = 84FBD9EF1F9F47F5005D779C /* ChatUITests.xctest */;
			productType = "com.apple.product-type.bundle.ui-testing";
		};
/* End PBXNativeTarget section */

/* Begin PBXProject section */
		84FBD9C81F9F47F4005D779C /* Project object */ = {
			isa = PBXProject;
			attributes = {
				LastSwiftUpdateCheck = 0900;
				LastUpgradeCheck = 0900;
				ORGANIZATIONNAME = Admin;
				TargetAttributes = {
					84FBD9CF1F9F47F4005D779C = {
						CreatedOnToolsVersion = 9.0;
						ProvisioningStyle = Automatic;
					};
					84FBD9E31F9F47F5005D779C = {
						CreatedOnToolsVersion = 9.0;
						ProvisioningStyle = Automatic;
						TestTargetID = 84FBD9CF1F9F47F4005D779C;
					};
					84FBD9EE1F9F47F5005D779C = {
						CreatedOnToolsVersion = 9.0;
						ProvisioningStyle = Automatic;
						TestTargetID = 84FBD9CF1F9F47F4005D779C;
					};
				};
			};
			buildConfigurationList = 84FBD9CB1F9F47F4005D779C /* Build configuration list for PBXProject "Chat" */;
			compatibilityVersion = "Xcode 8.0";
			developmentRegion = en;
			hasScannedForEncodings = 0;
			knownRegions = (
				en,
				Base,
			);
			mainGroup = 84FBD9C71F9F47F4005D779C;
			productRefGroup = 84FBD9D11F9F47F4005D779C /* Products */;
			projectDirPath = "";
			projectRoot = "";
			targets = (
				84FBD9CF1F9F47F4005D779C /* Chat */,
				84FBD9E31F9F47F5005D779C /* ChatTests */,
				84FBD9EE1F9F47F5005D779C /* ChatUITests */,
			);
		};
/* End PBXProject section */

/* Begin PBXResourcesBuildPhase section */
		84FBD9CE1F9F47F4005D779C /* Resources */ = {
			isa = PBXResourcesBuildPhase;
			buildActionMask = 2147483647;
			files = (
				849C94021FA120DB000F3B3A /* GoogleService-Info.plist in Resources */,
				84FBD9DE1F9F47F4005D779C /* LaunchScreen.storyboard in Resources */,
				84FBD9DB1F9F47F4005D779C /* Assets.xcassets in Resources */,
				84FBD9D91F9F47F4005D779C /* Main.storyboard in Resources */,
			);
			runOnlyForDeploymentPostprocessing = 0;
		};
		84FBD9E21F9F47F5005D779C /* Resources */ = {
			isa = PBXResourcesBuildPhase;
			buildActionMask = 2147483647;
			files = (
			);
			runOnlyForDeploymentPostprocessing = 0;
		};
		84FBD9ED1F9F47F5005D779C /* Resources */ = {
			isa = PBXResourcesBuildPhase;
			buildActionMask = 2147483647;
			files = (
			);
			runOnlyForDeploymentPostprocessing = 0;
		};
/* End PBXResourcesBuildPhase section */

/* Begin PBXShellScriptBuildPhase section */
		0343B412D8093A61CC5F1B1D /* [CP] Embed Pods Frameworks */ = {
			isa = PBXShellScriptBuildPhase;
			buildActionMask = 2147483647;
			files = (
			);
			inputPaths = (
			);
			name = "[CP] Embed Pods Frameworks";
			outputPaths = (
			);
			runOnlyForDeploymentPostprocessing = 0;
			shellPath = /bin/sh;
			shellScript = "\"${SRCROOT}/Pods/Target Support Files/Pods-ChatUITests/Pods-ChatUITests-frameworks.sh\"\n";
			showEnvVarsInLog = 0;
		};
		16F37D2AE5D1E3D1581D7DF2 /* [CP] Copy Pods Resources */ = {
			isa = PBXShellScriptBuildPhase;
			buildActionMask = 2147483647;
			files = (
			);
			inputPaths = (
			);
			name = "[CP] Copy Pods Resources";
			outputPaths = (
			);
			runOnlyForDeploymentPostprocessing = 0;
			shellPath = /bin/sh;
			shellScript = "\"${SRCROOT}/Pods/Target Support Files/Pods-ChatUITests/Pods-ChatUITests-resources.sh\"\n";
			showEnvVarsInLog = 0;
		};
		6377FFA54FFEB4163FB40AE4 /* [CP] Check Pods Manifest.lock */ = {
			isa = PBXShellScriptBuildPhase;
			buildActionMask = 2147483647;
			files = (
			);
			inputPaths = (
				"${PODS_PODFILE_DIR_PATH}/Podfile.lock",
				"${PODS_ROOT}/Manifest.lock",
			);
			name = "[CP] Check Pods Manifest.lock";
			outputPaths = (
				"$(DERIVED_FILE_DIR)/Pods-ChatUITests-checkManifestLockResult.txt",
			);
			runOnlyForDeploymentPostprocessing = 0;
			shellPath = /bin/sh;
			shellScript = "diff \"${PODS_PODFILE_DIR_PATH}/Podfile.lock\" \"${PODS_ROOT}/Manifest.lock\" > /dev/null\nif [ $? != 0 ] ; then\n    # print error to STDERR\n    echo \"error: The sandbox is not in sync with the Podfile.lock. Run 'pod install' or update your CocoaPods installation.\" >&2\n    exit 1\nfi\n# This output is used by Xcode 'outputs' to avoid re-running this script phase.\necho \"SUCCESS\" > \"${SCRIPT_OUTPUT_FILE_0}\"\n";
			showEnvVarsInLog = 0;
		};
		6620885B5E97CD6C2CE0770D /* [CP] Check Pods Manifest.lock */ = {
			isa = PBXShellScriptBuildPhase;
			buildActionMask = 2147483647;
			files = (
			);
			inputPaths = (
				"${PODS_PODFILE_DIR_PATH}/Podfile.lock",
				"${PODS_ROOT}/Manifest.lock",
			);
			name = "[CP] Check Pods Manifest.lock";
			outputPaths = (
				"$(DERIVED_FILE_DIR)/Pods-Chat-checkManifestLockResult.txt",
			);
			runOnlyForDeploymentPostprocessing = 0;
			shellPath = /bin/sh;
			shellScript = "diff \"${PODS_PODFILE_DIR_PATH}/Podfile.lock\" \"${PODS_ROOT}/Manifest.lock\" > /dev/null\nif [ $? != 0 ] ; then\n    # print error to STDERR\n    echo \"error: The sandbox is not in sync with the Podfile.lock. Run 'pod install' or update your CocoaPods installation.\" >&2\n    exit 1\nfi\n# This output is used by Xcode 'outputs' to avoid re-running this script phase.\necho \"SUCCESS\" > \"${SCRIPT_OUTPUT_FILE_0}\"\n";
			showEnvVarsInLog = 0;
		};
		6A93C983D2BA3C186AB8EE22 /* [CP] Check Pods Manifest.lock */ = {
			isa = PBXShellScriptBuildPhase;
			buildActionMask = 2147483647;
			files = (
			);
			inputPaths = (
				"${PODS_PODFILE_DIR_PATH}/Podfile.lock",
				"${PODS_ROOT}/Manifest.lock",
			);
			name = "[CP] Check Pods Manifest.lock";
			outputPaths = (
				"$(DERIVED_FILE_DIR)/Pods-ChatTests-checkManifestLockResult.txt",
			);
			runOnlyForDeploymentPostprocessing = 0;
			shellPath = /bin/sh;
			shellScript = "diff \"${PODS_PODFILE_DIR_PATH}/Podfile.lock\" \"${PODS_ROOT}/Manifest.lock\" > /dev/null\nif [ $? != 0 ] ; then\n    # print error to STDERR\n    echo \"error: The sandbox is not in sync with the Podfile.lock. Run 'pod install' or update your CocoaPods installation.\" >&2\n    exit 1\nfi\n# This output is used by Xcode 'outputs' to avoid re-running this script phase.\necho \"SUCCESS\" > \"${SCRIPT_OUTPUT_FILE_0}\"\n";
			showEnvVarsInLog = 0;
		};
		8AE7AFC6B538441894F09BCE /* [CP] Embed Pods Frameworks */ = {
			isa = PBXShellScriptBuildPhase;
			buildActionMask = 2147483647;
			files = (
			);
			inputPaths = (
				"${SRCROOT}/Pods/Target Support Files/Pods-Chat/Pods-Chat-frameworks.sh",
				"${BUILT_PRODUCTS_DIR}/GTMSessionFetcher/GTMSessionFetcher.framework",
				"${BUILT_PRODUCTS_DIR}/GoogleToolboxForMac/GoogleToolboxForMac.framework",
				"${BUILT_PRODUCTS_DIR}/leveldb-library/leveldb.framework",
				"${BUILT_PRODUCTS_DIR}/nanopb/nanopb.framework",
			);
			name = "[CP] Embed Pods Frameworks";
			outputPaths = (
				"${TARGET_BUILD_DIR}/${FRAMEWORKS_FOLDER_PATH}/GTMSessionFetcher.framework",
				"${TARGET_BUILD_DIR}/${FRAMEWORKS_FOLDER_PATH}/GoogleToolboxForMac.framework",
				"${TARGET_BUILD_DIR}/${FRAMEWORKS_FOLDER_PATH}/leveldb.framework",
				"${TARGET_BUILD_DIR}/${FRAMEWORKS_FOLDER_PATH}/nanopb.framework",
			);
			runOnlyForDeploymentPostprocessing = 0;
			shellPath = /bin/sh;
			shellScript = "\"${SRCROOT}/Pods/Target Support Files/Pods-Chat/Pods-Chat-frameworks.sh\"\n";
			showEnvVarsInLog = 0;
		};
		B59805016F5480383F787CFD /* [CP] Embed Pods Frameworks */ = {
			isa = PBXShellScriptBuildPhase;
			buildActionMask = 2147483647;
			files = (
			);
			inputPaths = (
			);
			name = "[CP] Embed Pods Frameworks";
			outputPaths = (
			);
			runOnlyForDeploymentPostprocessing = 0;
			shellPath = /bin/sh;
			shellScript = "\"${SRCROOT}/Pods/Target Support Files/Pods-ChatTests/Pods-ChatTests-frameworks.sh\"\n";
			showEnvVarsInLog = 0;
		};
		D2C0CBBF3107AC94C8AAE393 /* [CP] Copy Pods Resources */ = {
			isa = PBXShellScriptBuildPhase;
			buildActionMask = 2147483647;
			files = (
			);
			inputPaths = (
			);
			name = "[CP] Copy Pods Resources";
			outputPaths = (
			);
			runOnlyForDeploymentPostprocessing = 0;
			shellPath = /bin/sh;
			shellScript = "\"${SRCROOT}/Pods/Target Support Files/Pods-Chat/Pods-Chat-resources.sh\"\n";
			showEnvVarsInLog = 0;
		};
		D8B7A9ECA1CC19DCC5CCB835 /* [CP] Copy Pods Resources */ = {
			isa = PBXShellScriptBuildPhase;
			buildActionMask = 2147483647;
			files = (
			);
			inputPaths = (
			);
			name = "[CP] Copy Pods Resources";
			outputPaths = (
			);
			runOnlyForDeploymentPostprocessing = 0;
			shellPath = /bin/sh;
			shellScript = "\"${SRCROOT}/Pods/Target Support Files/Pods-ChatTests/Pods-ChatTests-resources.sh\"\n";
			showEnvVarsInLog = 0;
		};
/* End PBXShellScriptBuildPhase section */

/* Begin PBXSourcesBuildPhase section */
		84FBD9CC1F9F47F4005D779C /* Sources */ = {
			isa = PBXSourcesBuildPhase;
			buildActionMask = 2147483647;
			files = (
				84894C2B1FB071850070DEE9 /* ConversationInputConteinerView.swift in Sources */,
				843BC2B21FA1D44B002232A9 /* NewMessageController.swift in Sources */,
				84FBD9D61F9F47F4005D779C /* MessagesController.swift in Sources */,
				84FBDA061F9F4CFE005D779C /* LoginController.swift in Sources */,
				84891D6B1FA63310001B101D /* ConversationMessageCell.swift in Sources */,
				84CED81C1FA3C5CA00BC82B9 /* Message.swift in Sources */,
				843BC2B71FA1E4C5002232A9 /* LoginControllerHandle.swift in Sources */,
				843BC2B51FA1DA5A002232A9 /* User.swift in Sources */,
				84FBD9D41F9F47F4005D779C /* AppDelegate.swift in Sources */,
				84CED81A1FA3A94200BC82B9 /* ConversationController.swift in Sources */,
				8428086C1FA5D84400F706BD /* UserCell.swift in Sources */,
				84E378EF1FA27A39009D0B78 /* Extensions.swift in Sources */,
			);
			runOnlyForDeploymentPostprocessing = 0;
		};
		84FBD9E01F9F47F5005D779C /* Sources */ = {
			isa = PBXSourcesBuildPhase;
			buildActionMask = 2147483647;
			files = (
				84FBD9E91F9F47F5005D779C /* ChatTests.swift in Sources */,
			);
			runOnlyForDeploymentPostprocessing = 0;
		};
		84FBD9EB1F9F47F5005D779C /* Sources */ = {
			isa = PBXSourcesBuildPhase;
			buildActionMask = 2147483647;
			files = (
				84FBD9F41F9F47F5005D779C /* ChatUITests.swift in Sources */,
			);
			runOnlyForDeploymentPostprocessing = 0;
		};
/* End PBXSourcesBuildPhase section */

/* Begin PBXTargetDependency section */
		84FBD9E61F9F47F5005D779C /* PBXTargetDependency */ = {
			isa = PBXTargetDependency;
			target = 84FBD9CF1F9F47F4005D779C /* Chat */;
			targetProxy = 84FBD9E51F9F47F5005D779C /* PBXContainerItemProxy */;
		};
		84FBD9F11F9F47F5005D779C /* PBXTargetDependency */ = {
			isa = PBXTargetDependency;
			target = 84FBD9CF1F9F47F4005D779C /* Chat */;
			targetProxy = 84FBD9F01F9F47F5005D779C /* PBXContainerItemProxy */;
		};
/* End PBXTargetDependency section */

/* Begin PBXVariantGroup section */
		84FBD9D71F9F47F4005D779C /* Main.storyboard */ = {
			isa = PBXVariantGroup;
			children = (
				84FBD9D81F9F47F4005D779C /* Base */,
			);
			name = Main.storyboard;
			sourceTree = "<group>";
		};
		84FBD9DC1F9F47F4005D779C /* LaunchScreen.storyboard */ = {
			isa = PBXVariantGroup;
			children = (
				84FBD9DD1F9F47F4005D779C /* Base */,
			);
			name = LaunchScreen.storyboard;
			sourceTree = "<group>";
		};
/* End PBXVariantGroup section */

/* Begin XCBuildConfiguration section */
		84FBD9F61F9F47F5005D779C /* Debug */ = {
			isa = XCBuildConfiguration;
			buildSettings = {
				ALWAYS_SEARCH_USER_PATHS = NO;
				CLANG_ANALYZER_NONNULL = YES;
				CLANG_ANALYZER_NUMBER_OBJECT_CONVERSION = YES_AGGRESSIVE;
				CLANG_CXX_LANGUAGE_STANDARD = "gnu++14";
				CLANG_CXX_LIBRARY = "libc++";
				CLANG_ENABLE_MODULES = YES;
				CLANG_ENABLE_OBJC_ARC = YES;
				CLANG_WARN_BLOCK_CAPTURE_AUTORELEASING = YES;
				CLANG_WARN_BOOL_CONVERSION = YES;
				CLANG_WARN_COMMA = YES;
				CLANG_WARN_CONSTANT_CONVERSION = YES;
				CLANG_WARN_DIRECT_OBJC_ISA_USAGE = YES_ERROR;
				CLANG_WARN_DOCUMENTATION_COMMENTS = YES;
				CLANG_WARN_EMPTY_BODY = YES;
				CLANG_WARN_ENUM_CONVERSION = YES;
				CLANG_WARN_INFINITE_RECURSION = YES;
				CLANG_WARN_INT_CONVERSION = YES;
				CLANG_WARN_NON_LITERAL_NULL_CONVERSION = YES;
				CLANG_WARN_OBJC_LITERAL_CONVERSION = YES;
				CLANG_WARN_OBJC_ROOT_CLASS = YES_ERROR;
				CLANG_WARN_RANGE_LOOP_ANALYSIS = YES;
				CLANG_WARN_STRICT_PROTOTYPES = YES;
				CLANG_WARN_SUSPICIOUS_MOVE = YES;
				CLANG_WARN_UNGUARDED_AVAILABILITY = YES_AGGRESSIVE;
				CLANG_WARN_UNREACHABLE_CODE = YES;
				CLANG_WARN__DUPLICATE_METHOD_MATCH = YES;
				CODE_SIGN_IDENTITY = "iPhone Developer";
				COPY_PHASE_STRIP = NO;
				DEBUG_INFORMATION_FORMAT = dwarf;
				ENABLE_STRICT_OBJC_MSGSEND = YES;
				ENABLE_TESTABILITY = YES;
				GCC_C_LANGUAGE_STANDARD = gnu11;
				GCC_DYNAMIC_NO_PIC = NO;
				GCC_NO_COMMON_BLOCKS = YES;
				GCC_OPTIMIZATION_LEVEL = 0;
				GCC_PREPROCESSOR_DEFINITIONS = (
					"DEBUG=1",
					"$(inherited)",
				);
				GCC_WARN_64_TO_32_BIT_CONVERSION = YES;
				GCC_WARN_ABOUT_RETURN_TYPE = YES_ERROR;
				GCC_WARN_UNDECLARED_SELECTOR = YES;
				GCC_WARN_UNINITIALIZED_AUTOS = YES_AGGRESSIVE;
				GCC_WARN_UNUSED_FUNCTION = YES;
				GCC_WARN_UNUSED_VARIABLE = YES;
				IPHONEOS_DEPLOYMENT_TARGET = 11.0;
				MTL_ENABLE_DEBUG_INFO = YES;
				ONLY_ACTIVE_ARCH = YES;
				SDKROOT = iphoneos;
				SWIFT_ACTIVE_COMPILATION_CONDITIONS = DEBUG;
				SWIFT_OPTIMIZATION_LEVEL = "-Onone";
			};
			name = Debug;
		};
		84FBD9F71F9F47F5005D779C /* Release */ = {
			isa = XCBuildConfiguration;
			buildSettings = {
				ALWAYS_SEARCH_USER_PATHS = NO;
				CLANG_ANALYZER_NONNULL = YES;
				CLANG_ANALYZER_NUMBER_OBJECT_CONVERSION = YES_AGGRESSIVE;
				CLANG_CXX_LANGUAGE_STANDARD = "gnu++14";
				CLANG_CXX_LIBRARY = "libc++";
				CLANG_ENABLE_MODULES = YES;
				CLANG_ENABLE_OBJC_ARC = YES;
				CLANG_WARN_BLOCK_CAPTURE_AUTORELEASING = YES;
				CLANG_WARN_BOOL_CONVERSION = YES;
				CLANG_WARN_COMMA = YES;
				CLANG_WARN_CONSTANT_CONVERSION = YES;
				CLANG_WARN_DIRECT_OBJC_ISA_USAGE = YES_ERROR;
				CLANG_WARN_DOCUMENTATION_COMMENTS = YES;
				CLANG_WARN_EMPTY_BODY = YES;
				CLANG_WARN_ENUM_CONVERSION = YES;
				CLANG_WARN_INFINITE_RECURSION = YES;
				CLANG_WARN_INT_CONVERSION = YES;
				CLANG_WARN_NON_LITERAL_NULL_CONVERSION = YES;
				CLANG_WARN_OBJC_LITERAL_CONVERSION = YES;
				CLANG_WARN_OBJC_ROOT_CLASS = YES_ERROR;
				CLANG_WARN_RANGE_LOOP_ANALYSIS = YES;
				CLANG_WARN_STRICT_PROTOTYPES = YES;
				CLANG_WARN_SUSPICIOUS_MOVE = YES;
				CLANG_WARN_UNGUARDED_AVAILABILITY = YES_AGGRESSIVE;
				CLANG_WARN_UNREACHABLE_CODE = YES;
				CLANG_WARN__DUPLICATE_METHOD_MATCH = YES;
				CODE_SIGN_IDENTITY = "iPhone Developer";
				COPY_PHASE_STRIP = NO;
				DEBUG_INFORMATION_FORMAT = "dwarf-with-dsym";
				ENABLE_NS_ASSERTIONS = NO;
				ENABLE_STRICT_OBJC_MSGSEND = YES;
				GCC_C_LANGUAGE_STANDARD = gnu11;
				GCC_NO_COMMON_BLOCKS = YES;
				GCC_WARN_64_TO_32_BIT_CONVERSION = YES;
				GCC_WARN_ABOUT_RETURN_TYPE = YES_ERROR;
				GCC_WARN_UNDECLARED_SELECTOR = YES;
				GCC_WARN_UNINITIALIZED_AUTOS = YES_AGGRESSIVE;
				GCC_WARN_UNUSED_FUNCTION = YES;
				GCC_WARN_UNUSED_VARIABLE = YES;
				IPHONEOS_DEPLOYMENT_TARGET = 11.0;
				MTL_ENABLE_DEBUG_INFO = NO;
				SDKROOT = iphoneos;
				SWIFT_OPTIMIZATION_LEVEL = "-Owholemodule";
				VALIDATE_PRODUCT = YES;
			};
			name = Release;
		};
		84FBD9F91F9F47F5005D779C /* Debug */ = {
			isa = XCBuildConfiguration;
			baseConfigurationReference = AF4FC19B8FB46BC64AB129A5 /* Pods-Chat.debug.xcconfig */;
			buildSettings = {
				ASSETCATALOG_COMPILER_APPICON_NAME = AppIcon;
				CODE_SIGN_STYLE = Automatic;
				INFOPLIST_FILE = Chat/Info.plist;
				LD_RUNPATH_SEARCH_PATHS = "$(inherited) @executable_path/Frameworks";
				PRODUCT_BUNDLE_IDENTIFIER = dreamCode.Chat;
				PRODUCT_NAME = "$(TARGET_NAME)";
				SWIFT_VERSION = 4.0;
				TARGETED_DEVICE_FAMILY = "1,2";
			};
			name = Debug;
		};
		84FBD9FA1F9F47F5005D779C /* Release */ = {
			isa = XCBuildConfiguration;
			baseConfigurationReference = 1A97649A6FB07E6A6CAFB51F /* Pods-Chat.release.xcconfig */;
			buildSettings = {
				ASSETCATALOG_COMPILER_APPICON_NAME = AppIcon;
				CODE_SIGN_STYLE = Automatic;
				INFOPLIST_FILE = Chat/Info.plist;
				LD_RUNPATH_SEARCH_PATHS = "$(inherited) @executable_path/Frameworks";
				PRODUCT_BUNDLE_IDENTIFIER = dreamCode.Chat;
				PRODUCT_NAME = "$(TARGET_NAME)";
				SWIFT_VERSION = 4.0;
				TARGETED_DEVICE_FAMILY = "1,2";
			};
			name = Release;
		};
		84FBD9FC1F9F47F5005D779C /* Debug */ = {
			isa = XCBuildConfiguration;
			baseConfigurationReference = 064D6160270361F019274F80 /* Pods-ChatTests.debug.xcconfig */;
			buildSettings = {
				ALWAYS_EMBED_SWIFT_STANDARD_LIBRARIES = YES;
				BUNDLE_LOADER = "$(TEST_HOST)";
				CODE_SIGN_STYLE = Automatic;
				INFOPLIST_FILE = ChatTests/Info.plist;
				LD_RUNPATH_SEARCH_PATHS = "$(inherited) @executable_path/Frameworks @loader_path/Frameworks";
				PRODUCT_BUNDLE_IDENTIFIER = dreamCode.ChatTests;
				PRODUCT_NAME = "$(TARGET_NAME)";
				SWIFT_VERSION = 4.0;
				TARGETED_DEVICE_FAMILY = "1,2";
				TEST_HOST = "$(BUILT_PRODUCTS_DIR)/Chat.app/Chat";
			};
			name = Debug;
		};
		84FBD9FD1F9F47F5005D779C /* Release */ = {
			isa = XCBuildConfiguration;
			baseConfigurationReference = 4D9C8D120B03D9F0545308A5 /* Pods-ChatTests.release.xcconfig */;
			buildSettings = {
				ALWAYS_EMBED_SWIFT_STANDARD_LIBRARIES = YES;
				BUNDLE_LOADER = "$(TEST_HOST)";
				CODE_SIGN_STYLE = Automatic;
				INFOPLIST_FILE = ChatTests/Info.plist;
				LD_RUNPATH_SEARCH_PATHS = "$(inherited) @executable_path/Frameworks @loader_path/Frameworks";
				PRODUCT_BUNDLE_IDENTIFIER = dreamCode.ChatTests;
				PRODUCT_NAME = "$(TARGET_NAME)";
				SWIFT_VERSION = 4.0;
				TARGETED_DEVICE_FAMILY = "1,2";
				TEST_HOST = "$(BUILT_PRODUCTS_DIR)/Chat.app/Chat";
			};
			name = Release;
		};
		84FBD9FF1F9F47F5005D779C /* Debug */ = {
			isa = XCBuildConfiguration;
			baseConfigurationReference = A91614BCFC6650989DA933EA /* Pods-ChatUITests.debug.xcconfig */;
			buildSettings = {
				ALWAYS_EMBED_SWIFT_STANDARD_LIBRARIES = YES;
				CODE_SIGN_STYLE = Automatic;
				INFOPLIST_FILE = ChatUITests/Info.plist;
				LD_RUNPATH_SEARCH_PATHS = "$(inherited) @executable_path/Frameworks @loader_path/Frameworks";
				PRODUCT_BUNDLE_IDENTIFIER = dreamCode.ChatUITests;
				PRODUCT_NAME = "$(TARGET_NAME)";
				SWIFT_VERSION = 4.0;
				TARGETED_DEVICE_FAMILY = "1,2";
				TEST_TARGET_NAME = Chat;
			};
			name = Debug;
		};
		84FBDA001F9F47F5005D779C /* Release */ = {
			isa = XCBuildConfiguration;
			baseConfigurationReference = B7E42F9122F00796B17B92D2 /* Pods-ChatUITests.release.xcconfig */;
			buildSettings = {
				ALWAYS_EMBED_SWIFT_STANDARD_LIBRARIES = YES;
				CODE_SIGN_STYLE = Automatic;
				INFOPLIST_FILE = ChatUITests/Info.plist;
				LD_RUNPATH_SEARCH_PATHS = "$(inherited) @executable_path/Frameworks @loader_path/Frameworks";
				PRODUCT_BUNDLE_IDENTIFIER = dreamCode.ChatUITests;
				PRODUCT_NAME = "$(TARGET_NAME)";
				SWIFT_VERSION = 4.0;
				TARGETED_DEVICE_FAMILY = "1,2";
				TEST_TARGET_NAME = Chat;
			};
			name = Release;
		};
/* End XCBuildConfiguration section */

/* Begin XCConfigurationList section */
		84FBD9CB1F9F47F4005D779C /* Build configuration list for PBXProject "Chat" */ = {
			isa = XCConfigurationList;
			buildConfigurations = (
				84FBD9F61F9F47F5005D779C /* Debug */,
				84FBD9F71F9F47F5005D779C /* Release */,
			);
			defaultConfigurationIsVisible = 0;
			defaultConfigurationName = Release;
		};
		84FBD9F81F9F47F5005D779C /* Build configuration list for PBXNativeTarget "Chat" */ = {
			isa = XCConfigurationList;
			buildConfigurations = (
				84FBD9F91F9F47F5005D779C /* Debug */,
				84FBD9FA1F9F47F5005D779C /* Release */,
			);
			defaultConfigurationIsVisible = 0;
			defaultConfigurationName = Release;
		};
		84FBD9FB1F9F47F5005D779C /* Build configuration list for PBXNativeTarget "ChatTests" */ = {
			isa = XCConfigurationList;
			buildConfigurations = (
				84FBD9FC1F9F47F5005D779C /* Debug */,
				84FBD9FD1F9F47F5005D779C /* Release */,
			);
			defaultConfigurationIsVisible = 0;
			defaultConfigurationName = Release;
		};
		84FBD9FE1F9F47F5005D779C /* Build configuration list for PBXNativeTarget "ChatUITests" */ = {
			isa = XCConfigurationList;
			buildConfigurations = (
				84FBD9FF1F9F47F5005D779C /* Debug */,
				84FBDA001F9F47F5005D779C /* Release */,
			);
			defaultConfigurationIsVisible = 0;
			defaultConfigurationName = Release;
		};
/* End XCConfigurationList section */
	};
	rootObject = 84FBD9C81F9F47F4005D779C /* Project object */;
}
